Microsoft Visual Studio Solution File, Format Version 10.00
# Visual Studio 2008
Project("{2150E333-8FDC-42A3-9474-1A3956D46DE8}") = "Component", "Component", "{8E0B8DFD-41AF-4200-AC4A-83FA5B9C1897}"
EndProject
Project("{2150E333-8FDC-42A3-9474-1A3956D46DE8}") = "Static", "Static", "{9D9563E7-6D8C-4B82-8CE3-009EB344A8A6}"
EndProject
Project("{2150E333-8FDC-42A3-9474-1A3956D46DE8}") = "Library", "Library", "{5F07D327-3A37-4AF0-9421-C959033C93F9}"
EndProject
Project("{2150E333-8FDC-42A3-9474-1A3956D46DE8}") = "Other", "Other", "{12C9A202-6B0B-4334-A043-B5CEB1D5A3BF}"
EndProject
Project("{8BC9CEB8-8B4A-11D0-8D11-00A0C91BC942}") = "iwin", "..\..\Include\iwin\VC9\iwin.vcproj", "{633B67F7-B154-4A80-A651-1111D5EDF583}"
EndProject
Project("{8BC9CEB8-8B4A-11D0-8D11-00A0C91BC942}") = "AcfWin", "..\AcfWin\VC9\AcfWin.vcproj", "{6161AE88-6ED6-4843-A5AB-4B6288511D5E}"
	ProjectSection(ProjectDependencies) = postProject
		{633B67F7-B154-4A80-A651-1111D5EDF583} = {633B67F7-B154-4A80-A651-1111D5EDF583}
	EndProjectSection
EndProject
Project("{8BC9CEB8-8B4A-11D0-8D11-00A0C91BC942}") = "inat", "..\..\Include\inat\VC9\inat.vcproj", "{91007D75-2F2B-4B26-A1BB-260181E8DAF3}"
EndProject
Project("{8BC9CEB8-8B4A-11D0-8D11-00A0C91BC942}") = "_LibsReady", "_LibsReady.vcproj", "{A3BB8D04-552D-4FD4-B799-18187FB17C2C}"
	ProjectSection(ProjectDependencies) = postProject
		{5EFA2A09-8CE0-4649-9B99-3373B620DE6D} = {5EFA2A09-8CE0-4649-9B99-3373B620DE6D}
		{5EC7340B-67FC-41BF-88B2-55694D5494D8} = {5EC7340B-67FC-41BF-88B2-55694D5494D8}
		{1A53841B-96CF-4735-B45F-C63E3BA2D2BC} = {1A53841B-96CF-4735-B45F-C63E3BA2D2BC}
		{775F1C1F-C0B6-413D-BA1E-023614EBE409} = {775F1C1F-C0B6-413D-BA1E-023614EBE409}
		{77034321-C750-4A66-825E-6D62A77A5F16} = {77034321-C750-4A66-825E-6D62A77A5F16}
		{FFA16C6D-C2BF-40C6-BC0E-E44E22E73663} = {FFA16C6D-C2BF-40C6-BC0E-E44E22E73663}
		{91007D75-2F2B-4B26-A1BB-260181E8DAF3} = {91007D75-2F2B-4B26-A1BB-260181E8DAF3}
		{6161AE88-6ED6-4843-A5AB-4B6288511D5E} = {6161AE88-6ED6-4843-A5AB-4B6288511D5E}
		{BB07D393-32C4-40FC-A1F8-B7ED0E2662B3} = {BB07D393-32C4-40FC-A1F8-B7ED0E2662B3}
		{720BB09B-0988-4D31-B8DE-C3C27C277F4B} = {720BB09B-0988-4D31-B8DE-C3C27C277F4B}
		{417FFDCB-12EE-46F6-A112-C15E152B63C8} = {417FFDCB-12EE-46F6-A112-C15E152B63C8}
		{618CA7D2-C8A2-4331-8D87-F2ABB2E1BAC2} = {618CA7D2-C8A2-4331-8D87-F2ABB2E1BAC2}
		{19BF49D4-532F-4B58-A9B5-F215495527EC} = {19BF49D4-532F-4B58-A9B5-F215495527EC}
		{8F703AE4-CAA4-47AF-AEEE-77CE84E26177} = {8F703AE4-CAA4-47AF-AEEE-77CE84E26177}
		{621B67F7-B779-3A80-B651-1111D5EDF583} = {621B67F7-B779-3A80-B651-1111D5EDF583}
		{633B67F7-B154-4A80-A651-1111D5EDF583} = {633B67F7-B154-4A80-A651-1111D5EDF583}
	EndProjectSection
EndProject
Project("{8BC9CEB8-8B4A-11D0-8D11-00A0C91BC942}") = "izlib", "..\..\Include\izlib\VC9\izlib.vcproj", "{1A53841B-96CF-4735-B45F-C63E3BA2D2BC}"
EndProject
Project("{8BC9CEB8-8B4A-11D0-8D11-00A0C91BC942}") = "ZlibPck", "..\ZlibPck\VC9\ZlibPck.vcproj", "{EA444247-4476-444F-9D10-EB7E1169A90B}"
	ProjectSection(ProjectDependencies) = postProject
		{A3BB8D04-552D-4FD4-B799-18187FB17C2C} = {A3BB8D04-552D-4FD4-B799-18187FB17C2C}
		{1A53841B-96CF-4735-B45F-C63E3BA2D2BC} = {1A53841B-96CF-4735-B45F-C63E3BA2D2BC}
	EndProjectSection
EndProject
Project("{8BC9CEB8-8B4A-11D0-8D11-00A0C91BC942}") = "iqsci", "..\..\Include\iqsci\VC9\iqsci.vcproj", "{77034321-C750-4A66-825E-6D62A77A5F16}"
EndProject
Project("{8BC9CEB8-8B4A-11D0-8D11-00A0C91BC942}") = "QsciPck", "..\QSciPck\VC9\QsciPck.vcproj", "{FD90108E-0E17-47CB-A922-0EABB4C155D8}"
	ProjectSection(ProjectDependencies) = postProject
		{A3BB8D04-552D-4FD4-B799-18187FB17C2C} = {A3BB8D04-552D-4FD4-B799-18187FB17C2C}
		{77034321-C750-4A66-825E-6D62A77A5F16} = {77034321-C750-4A66-825E-6D62A77A5F16}
	EndProjectSection
EndProject
Project("{8BC9CEB8-8B4A-11D0-8D11-00A0C91BC942}") = "_PcksReady", "_PcksReady.vcproj", "{3F9592CC-7F0C-454B-AD1B-25165AD40022}"
	ProjectSection(ProjectDependencies) = postProject
		{A3BB8D04-552D-4FD4-B799-18187FB17C2C} = {A3BB8D04-552D-4FD4-B799-18187FB17C2C}
		{C485241A-652B-41A3-BEFD-973390A493BA} = {C485241A-652B-41A3-BEFD-973390A493BA}
		{F7078332-A386-479F-B95A-331B32BBC14C} = {F7078332-A386-479F-B95A-331B32BBC14C}
		{EA444247-4476-444F-9D10-EB7E1169A90B} = {EA444247-4476-444F-9D10-EB7E1169A90B}
		{D853FC62-AC4E-462B-BB37-1A6D308CC8E6} = {D853FC62-AC4E-462B-BB37-1A6D308CC8E6}
		{FD90108E-0E17-47CB-A922-0EABB4C155D8} = {FD90108E-0E17-47CB-A922-0EABB4C155D8}
		{39CA72AF-0B0B-42DF-81D2-D71DA3C647F1} = {39CA72AF-0B0B-42DF-81D2-D71DA3C647F1}
		{EEF682B0-F995-422D-8ADC-50A2803F74D9} = {EEF682B0-F995-422D-8ADC-50A2803F74D9}
		{66C0E7B1-A3B1-40AA-B5B2-671DEDF88C2E} = {66C0E7B1-A3B1-40AA-B5B2-671DEDF88C2E}
		{F3B4DAB8-E559-4E2A-874C-DB197675655C} = {F3B4DAB8-E559-4E2A-874C-DB197675655C}
		{57715BC1-47DA-433D-83EF-7750DD2DCC44} = {57715BC1-47DA-433D-83EF-7750DD2DCC44}
		{A99401D5-54D9-4C7D-8280-EAA554D68E08} = {A99401D5-54D9-4C7D-8280-EAA554D68E08}
		{0EE9CAE9-5914-48DB-A3A4-FF798EE53079} = {0EE9CAE9-5914-48DB-A3A4-FF798EE53079}
	EndProjectSection
EndProject
Project("{8BC9CEB8-8B4A-11D0-8D11-00A0C91BC942}") = "icbox", "..\..\Include\icbox\VC9\icbox.vcproj", "{BB07D393-32C4-40FC-A1F8-B7ED0E2662B3}"
EndProject
Project("{8BC9CEB8-8B4A-11D0-8D11-00A0C91BC942}") = "CboxPck", "..\CboxPck\VC9\CboxPck.vcproj", "{C485241A-652B-41A3-BEFD-973390A493BA}"
	ProjectSection(ProjectDependencies) = postProject
		{A3BB8D04-552D-4FD4-B799-18187FB17C2C} = {A3BB8D04-552D-4FD4-B799-18187FB17C2C}
		{BB07D393-32C4-40FC-A1F8-B7ED0E2662B3} = {BB07D393-32C4-40FC-A1F8-B7ED0E2662B3}
	EndProjectSection
EndProject
Project("{8BC9CEB8-8B4A-11D0-8D11-00A0C91BC942}") = "iqaxmm", "..\..\Include\iqaxmm\VC9\iqaxmm.vcproj", "{19BF49D4-532F-4B58-A9B5-F215495527EC}"
EndProject
Project("{8BC9CEB8-8B4A-11D0-8D11-00A0C91BC942}") = "QaxPck", "..\QaxPck\VC9\QaxPck.vcproj", "{57715BC1-47DA-433D-83EF-7750DD2DCC44}"
	ProjectSection(ProjectDependencies) = postProject
		{A3BB8D04-552D-4FD4-B799-18187FB17C2C} = {A3BB8D04-552D-4FD4-B799-18187FB17C2C}
		{19BF49D4-532F-4B58-A9B5-F215495527EC} = {19BF49D4-532F-4B58-A9B5-F215495527EC}
	EndProjectSection
EndProject
Project("{8BC9CEB8-8B4A-11D0-8D11-00A0C91BC942}") = "ilibav", "..\..\Include\ilibav\VC9\ilibav.vcproj", "{775F1C1F-C0B6-413D-BA1E-023614EBE409}"
EndProject
Project("{8BC9CEB8-8B4A-11D0-8D11-00A0C91BC942}") = "FpfPck", "..\FpfPck\VC9\FpfPck.vcproj", "{EEF682B0-F995-422D-8ADC-50A2803F74D9}"
	ProjectSection(ProjectDependencies) = postProject
		{FFA16C6D-C2BF-40C6-BC0E-E44E22E73663} = {FFA16C6D-C2BF-40C6-BC0E-E44E22E73663}
	EndProjectSection
EndProject
Project("{8BC9CEB8-8B4A-11D0-8D11-00A0C91BC942}") = "ifpf", "..\..\Include\ifpf\VC9\ifpf.vcproj", "{FFA16C6D-C2BF-40C6-BC0E-E44E22E73663}"
EndProject
Project("{8BC9CEB8-8B4A-11D0-8D11-00A0C91BC942}") = "iqtfpf", "..\..\Include\iqtfpf\VC9\iqtfpf.vcproj", "{720BB09B-0988-4D31-B8DE-C3C27C277F4B}"
EndProject
Project("{8BC9CEB8-8B4A-11D0-8D11-00A0C91BC942}") = "QtFpfPck", "..\QtFpfPck\VC9\QtFpfPck.vcproj", "{0EE9CAE9-5914-48DB-A3A4-FF798EE53079}"
	ProjectSection(ProjectDependencies) = postProject
		{A3BB8D04-552D-4FD4-B799-18187FB17C2C} = {A3BB8D04-552D-4FD4-B799-18187FB17C2C}
		{FFA16C6D-C2BF-40C6-BC0E-E44E22E73663} = {FFA16C6D-C2BF-40C6-BC0E-E44E22E73663}
		{720BB09B-0988-4D31-B8DE-C3C27C277F4B} = {720BB09B-0988-4D31-B8DE-C3C27C277F4B}
	EndProjectSection
EndProject
Project("{8BC9CEB8-8B4A-11D0-8D11-00A0C91BC942}") = "FfMpegPck", "..\FfMpegPck\VC9\FfMpegPck.vcproj", "{D853FC62-AC4E-462B-BB37-1A6D308CC8E6}"
	ProjectSection(ProjectDependencies) = postProject
		{775F1C1F-C0B6-413D-BA1E-023614EBE409} = {775F1C1F-C0B6-413D-BA1E-023614EBE409}
		{621B67F7-B779-3A80-B651-1111D5EDF583} = {621B67F7-B779-3A80-B651-1111D5EDF583}
	EndProjectSection
EndProject
Project("{8BC9CEB8-8B4A-11D0-8D11-00A0C91BC942}") = "imeas", "..\..\Include\imeas\VC9\imeas.vcproj", "{621B67F7-B779-3A80-B651-1111D5EDF583}"
EndProject
Project("{8BC9CEB8-8B4A-11D0-8D11-00A0C91BC942}") = "MeasPck", "..\MeasPck\VC9\MeasPck.vcproj", "{A99401D5-54D9-4C7D-8280-EAA554D68E08}"
	ProjectSection(ProjectDependencies) = postProject
		{A3BB8D04-552D-4FD4-B799-18187FB17C2C} = {A3BB8D04-552D-4FD4-B799-18187FB17C2C}
		{621B67F7-B779-3A80-B651-1111D5EDF583} = {621B67F7-B779-3A80-B651-1111D5EDF583}
	EndProjectSection
EndProject
Project("{8BC9CEB8-8B4A-11D0-8D11-00A0C91BC942}") = "AbcPck", "..\AbcPck\VC9\AbcPck.vcproj", "{66C0E7B1-A3B1-40AA-B5B2-671DEDF88C2E}"
	ProjectSection(ProjectDependencies) = postProject
		{A3BB8D04-552D-4FD4-B799-18187FB17C2C} = {A3BB8D04-552D-4FD4-B799-18187FB17C2C}
		{618CA7D2-C8A2-4331-8D87-F2ABB2E1BAC2} = {618CA7D2-C8A2-4331-8D87-F2ABB2E1BAC2}
	EndProjectSection
EndProject
Project("{8BC9CEB8-8B4A-11D0-8D11-00A0C91BC942}") = "iabc", "..\..\Include\iabc\VC9\iabc.vcproj", "{618CA7D2-C8A2-4331-8D87-F2ABB2E1BAC2}"
EndProject
Project("{8BC9CEB8-8B4A-11D0-8D11-00A0C91BC942}") = "iqtmeas", "..\..\Include\iqtmeas\VC9\iqtmeas.vcproj", "{8F703AE4-CAA4-47AF-AEEE-77CE84E26177}"
EndProject
Project("{8BC9CEB8-8B4A-11D0-8D11-00A0C91BC942}") = "QtMeasPck", "..\QtMeasPck\VC9\QtMeasPck.vcproj", "{F3B4DAB8-E559-4E2A-874C-DB197675655C}"
	ProjectSection(ProjectDependencies) = postProject
		{A3BB8D04-552D-4FD4-B799-18187FB17C2C} = {A3BB8D04-552D-4FD4-B799-18187FB17C2C}
		{8F703AE4-CAA4-47AF-AEEE-77CE84E26177} = {8F703AE4-CAA4-47AF-AEEE-77CE84E26177}
		{621B67F7-B779-3A80-B651-1111D5EDF583} = {621B67F7-B779-3A80-B651-1111D5EDF583}
	EndProjectSection
EndProject
Project("{8BC9CEB8-8B4A-11D0-8D11-00A0C91BC942}") = "iqwt3d", "..\..\Include\iqwt3d\VC9\iqwt3d.vcproj", "{5EC7340B-67FC-41BF-88B2-55694D5494D8}"
EndProject
Project("{8BC9CEB8-8B4A-11D0-8D11-00A0C91BC942}") = "QwtPck", "..\QwtPck\VC9\QwtPck.vcproj", "{39CA72AF-0B0B-42DF-81D2-D71DA3C647F1}"
	ProjectSection(ProjectDependencies) = postProject
		{A3BB8D04-552D-4FD4-B799-18187FB17C2C} = {A3BB8D04-552D-4FD4-B799-18187FB17C2C}
		{5EC7340B-67FC-41BF-88B2-55694D5494D8} = {5EC7340B-67FC-41BF-88B2-55694D5494D8}
		{417FFDCB-12EE-46F6-A112-C15E152B63C8} = {417FFDCB-12EE-46F6-A112-C15E152B63C8}
	EndProjectSection
EndProject
Project("{8BC9CEB8-8B4A-11D0-8D11-00A0C91BC942}") = "iqtex", "..\..\Include\iqtex\VC9\iqtex.vcproj", "{5EFA2A09-8CE0-4649-9B99-3373B620DE6D}"
EndProject
Project("{8BC9CEB8-8B4A-11D0-8D11-00A0C91BC942}") = "QtExPck", "..\QtExPck\VC9\QtExPck.vcproj", "{F7078332-A386-479F-B95A-331B32BBC14C}"
	ProjectSection(ProjectDependencies) = postProject
		{A3BB8D04-552D-4FD4-B799-18187FB17C2C} = {A3BB8D04-552D-4FD4-B799-18187FB17C2C}
		{5EFA2A09-8CE0-4649-9B99-3373B620DE6D} = {5EFA2A09-8CE0-4649-9B99-3373B620DE6D}
	EndProjectSection
EndProject
Project("{8BC9CEB8-8B4A-11D0-8D11-00A0C91BC942}") = "iqwt", "..\..\Include\iqwt\VC9\iqwt.vcproj", "{417FFDCB-12EE-46F6-A112-C15E152B63C8}"
EndProject
Project("{8BC9CEB8-8B4A-11D0-8D11-00A0C91BC942}") = "QtMmPck", "..\QtMmPck\VC9\QtMmPck.vcproj", "{8A82A184-5BEB-4F59-9272-AF964FF7938C}"
	ProjectSection(ProjectDependencies) = postProject
		{A3BB8D04-552D-4FD4-B799-18187FB17C2C} = {A3BB8D04-552D-4FD4-B799-18187FB17C2C}
		{FBA91AC7-8419-4318-8BD7-ADFB8D4400FF} = {FBA91AC7-8419-4318-8BD7-ADFB8D4400FF}
	EndProjectSection
EndProject
Project("{8BC9CEB8-8B4A-11D0-8D11-00A0C91BC942}") = "imm", "..\..\Include\imm\VC9\imm.vcproj", "{27FB7E8A-2337-4A30-AA09-3D5A74D059B1}"
EndProject
Project("{8BC9CEB8-8B4A-11D0-8D11-00A0C91BC942}") = "iqtmm", "..\..\Include\iqtmm\VC9\iqtmm.vcproj", "{FBA91AC7-8419-4318-8BD7-ADFB8D4400FF}"
EndProject
Project("{8BC9CEB8-8B4A-11D0-8D11-00A0C91BC942}") = "iprop", "..\..\Include\iprop\VC9\iprop.vcproj", "{5D64FA09-A869-4FEC-B3ED-1C91C6B3EA04}"
EndProject
Global
	GlobalSection(SolutionConfigurationPlatforms) = preSolution
		Debug|Win32 = Debug|Win32
		Release|Win32 = Release|Win32
	EndGlobalSection
	GlobalSection(ProjectConfigurationPlatforms) = postSolution
		{633B67F7-B154-4A80-A651-1111D5EDF583}.Debug|Win32.ActiveCfg = Debug|Win32
		{633B67F7-B154-4A80-A651-1111D5EDF583}.Debug|Win32.Build.0 = Debug|Win32
		{633B67F7-B154-4A80-A651-1111D5EDF583}.Release|Win32.ActiveCfg = Release|Win32
		{633B67F7-B154-4A80-A651-1111D5EDF583}.Release|Win32.Build.0 = Release|Win32
		{6161AE88-6ED6-4843-A5AB-4B6288511D5E}.Debug|Win32.ActiveCfg = Debug|Win32
		{6161AE88-6ED6-4843-A5AB-4B6288511D5E}.Debug|Win32.Build.0 = Debug|Win32
		{6161AE88-6ED6-4843-A5AB-4B6288511D5E}.Release|Win32.ActiveCfg = Release|Win32
		{6161AE88-6ED6-4843-A5AB-4B6288511D5E}.Release|Win32.Build.0 = Release|Win32
		{91007D75-2F2B-4B26-A1BB-260181E8DAF3}.Debug|Win32.ActiveCfg = Debug|Win32
		{91007D75-2F2B-4B26-A1BB-260181E8DAF3}.Debug|Win32.Build.0 = Debug|Win32
		{91007D75-2F2B-4B26-A1BB-260181E8DAF3}.Release|Win32.ActiveCfg = Release|Win32
		{91007D75-2F2B-4B26-A1BB-260181E8DAF3}.Release|Win32.Build.0 = Release|Win32
		{A3BB8D04-552D-4FD4-B799-18187FB17C2C}.Debug|Win32.ActiveCfg = Debug|Win32
		{A3BB8D04-552D-4FD4-B799-18187FB17C2C}.Debug|Win32.Build.0 = Debug|Win32
		{A3BB8D04-552D-4FD4-B799-18187FB17C2C}.Release|Win32.ActiveCfg = Release|Win32
		{A3BB8D04-552D-4FD4-B799-18187FB17C2C}.Release|Win32.Build.0 = Release|Win32
		{1A53841B-96CF-4735-B45F-C63E3BA2D2BC}.Debug|Win32.ActiveCfg = Debug|Win32
		{1A53841B-96CF-4735-B45F-C63E3BA2D2BC}.Debug|Win32.Build.0 = Debug|Win32
		{1A53841B-96CF-4735-B45F-C63E3BA2D2BC}.Release|Win32.ActiveCfg = Release|Win32
		{1A53841B-96CF-4735-B45F-C63E3BA2D2BC}.Release|Win32.Build.0 = Release|Win32
		{EA444247-4476-444F-9D10-EB7E1169A90B}.Debug|Win32.ActiveCfg = Debug|Win32
		{EA444247-4476-444F-9D10-EB7E1169A90B}.Debug|Win32.Build.0 = Debug|Win32
		{EA444247-4476-444F-9D10-EB7E1169A90B}.Release|Win32.ActiveCfg = Release|Win32
		{EA444247-4476-444F-9D10-EB7E1169A90B}.Release|Win32.Build.0 = Release|Win32
		{77034321-C750-4A66-825E-6D62A77A5F16}.Debug|Win32.ActiveCfg = Debug|Win32
		{77034321-C750-4A66-825E-6D62A77A5F16}.Debug|Win32.Build.0 = Debug|Win32
		{77034321-C750-4A66-825E-6D62A77A5F16}.Release|Win32.ActiveCfg = Release|Win32
		{77034321-C750-4A66-825E-6D62A77A5F16}.Release|Win32.Build.0 = Release|Win32
		{FD90108E-0E17-47CB-A922-0EABB4C155D8}.Debug|Win32.ActiveCfg = Debug|Win32
		{FD90108E-0E17-47CB-A922-0EABB4C155D8}.Debug|Win32.Build.0 = Debug|Win32
		{FD90108E-0E17-47CB-A922-0EABB4C155D8}.Release|Win32.ActiveCfg = Release|Win32
		{FD90108E-0E17-47CB-A922-0EABB4C155D8}.Release|Win32.Build.0 = Release|Win32
		{3F9592CC-7F0C-454B-AD1B-25165AD40022}.Debug|Win32.ActiveCfg = Debug|Win32
		{3F9592CC-7F0C-454B-AD1B-25165AD40022}.Debug|Win32.Build.0 = Debug|Win32
		{3F9592CC-7F0C-454B-AD1B-25165AD40022}.Release|Win32.ActiveCfg = Release|Win32
		{3F9592CC-7F0C-454B-AD1B-25165AD40022}.Release|Win32.Build.0 = Release|Win32
		{BB07D393-32C4-40FC-A1F8-B7ED0E2662B3}.Debug|Win32.ActiveCfg = Debug|Win32
		{BB07D393-32C4-40FC-A1F8-B7ED0E2662B3}.Debug|Win32.Build.0 = Debug|Win32
		{BB07D393-32C4-40FC-A1F8-B7ED0E2662B3}.Release|Win32.ActiveCfg = Release|Win32
		{BB07D393-32C4-40FC-A1F8-B7ED0E2662B3}.Release|Win32.Build.0 = Release|Win32
		{C485241A-652B-41A3-BEFD-973390A493BA}.Debug|Win32.ActiveCfg = Debug|Win32
		{C485241A-652B-41A3-BEFD-973390A493BA}.Debug|Win32.Build.0 = Debug|Win32
		{C485241A-652B-41A3-BEFD-973390A493BA}.Release|Win32.ActiveCfg = Release|Win32
		{C485241A-652B-41A3-BEFD-973390A493BA}.Release|Win32.Build.0 = Release|Win32
		{19BF49D4-532F-4B58-A9B5-F215495527EC}.Debug|Win32.ActiveCfg = Debug|Win32
		{19BF49D4-532F-4B58-A9B5-F215495527EC}.Debug|Win32.Build.0 = Debug|Win32
		{19BF49D4-532F-4B58-A9B5-F215495527EC}.Release|Win32.ActiveCfg = Release|Win32
		{19BF49D4-532F-4B58-A9B5-F215495527EC}.Release|Win32.Build.0 = Release|Win32
		{57715BC1-47DA-433D-83EF-7750DD2DCC44}.Debug|Win32.ActiveCfg = Debug|Win32
		{57715BC1-47DA-433D-83EF-7750DD2DCC44}.Debug|Win32.Build.0 = Debug|Win32
		{57715BC1-47DA-433D-83EF-7750DD2DCC44}.Release|Win32.ActiveCfg = Release|Win32
		{57715BC1-47DA-433D-83EF-7750DD2DCC44}.Release|Win32.Build.0 = Release|Win32
		{775F1C1F-C0B6-413D-BA1E-023614EBE409}.Debug|Win32.ActiveCfg = Debug|Win32
		{775F1C1F-C0B6-413D-BA1E-023614EBE409}.Debug|Win32.Build.0 = Debug|Win32
		{775F1C1F-C0B6-413D-BA1E-023614EBE409}.Release|Win32.ActiveCfg = Release|Win32
		{775F1C1F-C0B6-413D-BA1E-023614EBE409}.Release|Win32.Build.0 = Release|Win32
		{EEF682B0-F995-422D-8ADC-50A2803F74D9}.Debug|Win32.ActiveCfg = Debug|Win32
		{EEF682B0-F995-422D-8ADC-50A2803F74D9}.Debug|Win32.Build.0 = Debug|Win32
		{EEF682B0-F995-422D-8ADC-50A2803F74D9}.Release|Win32.ActiveCfg = Release|Win32
		{EEF682B0-F995-422D-8ADC-50A2803F74D9}.Release|Win32.Build.0 = Release|Win32
		{FFA16C6D-C2BF-40C6-BC0E-E44E22E73663}.Debug|Win32.ActiveCfg = Debug|Win32
		{FFA16C6D-C2BF-40C6-BC0E-E44E22E73663}.Debug|Win32.Build.0 = Debug|Win32
		{FFA16C6D-C2BF-40C6-BC0E-E44E22E73663}.Release|Win32.ActiveCfg = Release|Win32
		{FFA16C6D-C2BF-40C6-BC0E-E44E22E73663}.Release|Win32.Build.0 = Release|Win32
		{720BB09B-0988-4D31-B8DE-C3C27C277F4B}.Debug|Win32.ActiveCfg = Debug|Win32
		{720BB09B-0988-4D31-B8DE-C3C27C277F4B}.Debug|Win32.Build.0 = Debug|Win32
		{720BB09B-0988-4D31-B8DE-C3C27C277F4B}.Release|Win32.ActiveCfg = Release|Win32
		{720BB09B-0988-4D31-B8DE-C3C27C277F4B}.Release|Win32.Build.0 = Release|Win32
		{0EE9CAE9-5914-48DB-A3A4-FF798EE53079}.Debug|Win32.ActiveCfg = Debug|Win32
		{0EE9CAE9-5914-48DB-A3A4-FF798EE53079}.Debug|Win32.Build.0 = Debug|Win32
		{0EE9CAE9-5914-48DB-A3A4-FF798EE53079}.Release|Win32.ActiveCfg = Release|Win32
		{0EE9CAE9-5914-48DB-A3A4-FF798EE53079}.Release|Win32.Build.0 = Release|Win32
		{D853FC62-AC4E-462B-BB37-1A6D308CC8E6}.Debug|Win32.ActiveCfg = Debug|Win32
		{D853FC62-AC4E-462B-BB37-1A6D308CC8E6}.Debug|Win32.Build.0 = Debug|Win32
		{D853FC62-AC4E-462B-BB37-1A6D308CC8E6}.Release|Win32.ActiveCfg = Release|Win32
		{D853FC62-AC4E-462B-BB37-1A6D308CC8E6}.Release|Win32.Build.0 = Release|Win32
		{621B67F7-B779-3A80-B651-1111D5EDF583}.Debug|Win32.ActiveCfg = Debug|Win32
		{621B67F7-B779-3A80-B651-1111D5EDF583}.Debug|Win32.Build.0 = Debug|Win32
		{621B67F7-B779-3A80-B651-1111D5EDF583}.Release|Win32.ActiveCfg = Release|Win32
		{621B67F7-B779-3A80-B651-1111D5EDF583}.Release|Win32.Build.0 = Release|Win32
		{A99401D5-54D9-4C7D-8280-EAA554D68E08}.Debug|Win32.ActiveCfg = Debug|Win32
		{A99401D5-54D9-4C7D-8280-EAA554D68E08}.Debug|Win32.Build.0 = Debug|Win32
		{A99401D5-54D9-4C7D-8280-EAA554D68E08}.Release|Win32.ActiveCfg = Release|Win32
		{A99401D5-54D9-4C7D-8280-EAA554D68E08}.Release|Win32.Build.0 = Release|Win32
		{66C0E7B1-A3B1-40AA-B5B2-671DEDF88C2E}.Debug|Win32.ActiveCfg = Debug|Win32
		{66C0E7B1-A3B1-40AA-B5B2-671DEDF88C2E}.Debug|Win32.Build.0 = Debug|Win32
		{66C0E7B1-A3B1-40AA-B5B2-671DEDF88C2E}.Release|Win32.ActiveCfg = Release|Win32
		{66C0E7B1-A3B1-40AA-B5B2-671DEDF88C2E}.Release|Win32.Build.0 = Release|Win32
		{618CA7D2-C8A2-4331-8D87-F2ABB2E1BAC2}.Debug|Win32.ActiveCfg = Debug|Win32
		{618CA7D2-C8A2-4331-8D87-F2ABB2E1BAC2}.Debug|Win32.Build.0 = Debug|Win32
		{618CA7D2-C8A2-4331-8D87-F2ABB2E1BAC2}.Release|Win32.ActiveCfg = Release|Win32
		{618CA7D2-C8A2-4331-8D87-F2ABB2E1BAC2}.Release|Win32.Build.0 = Release|Win32
		{8F703AE4-CAA4-47AF-AEEE-77CE84E26177}.Debug|Win32.ActiveCfg = Debug|Win32
		{8F703AE4-CAA4-47AF-AEEE-77CE84E26177}.Debug|Win32.Build.0 = Debug|Win32
		{8F703AE4-CAA4-47AF-AEEE-77CE84E26177}.Release|Win32.ActiveCfg = Release|Win32
		{8F703AE4-CAA4-47AF-AEEE-77CE84E26177}.Release|Win32.Build.0 = Release|Win32
		{F3B4DAB8-E559-4E2A-874C-DB197675655C}.Debug|Win32.ActiveCfg = Debug|Win32
		{F3B4DAB8-E559-4E2A-874C-DB197675655C}.Debug|Win32.Build.0 = Debug|Win32
		{F3B4DAB8-E559-4E2A-874C-DB197675655C}.Release|Win32.ActiveCfg = Release|Win32
		{F3B4DAB8-E559-4E2A-874C-DB197675655C}.Release|Win32.Build.0 = Release|Win32
		{5EC7340B-67FC-41BF-88B2-55694D5494D8}.Debug|Win32.ActiveCfg = Debug|Win32
		{5EC7340B-67FC-41BF-88B2-55694D5494D8}.Debug|Win32.Build.0 = Debug|Win32
		{5EC7340B-67FC-41BF-88B2-55694D5494D8}.Release|Win32.ActiveCfg = Release|Win32
		{5EC7340B-67FC-41BF-88B2-55694D5494D8}.Release|Win32.Build.0 = Release|Win32
		{39CA72AF-0B0B-42DF-81D2-D71DA3C647F1}.Debug|Win32.ActiveCfg = Debug|Win32
		{39CA72AF-0B0B-42DF-81D2-D71DA3C647F1}.Debug|Win32.Build.0 = Debug|Win32
		{39CA72AF-0B0B-42DF-81D2-D71DA3C647F1}.Release|Win32.ActiveCfg = Release|Win32
		{39CA72AF-0B0B-42DF-81D2-D71DA3C647F1}.Release|Win32.Build.0 = Release|Win32
		{5EFA2A09-8CE0-4649-9B99-3373B620DE6D}.Debug|Win32.ActiveCfg = Debug|Win32
		{5EFA2A09-8CE0-4649-9B99-3373B620DE6D}.Debug|Win32.Build.0 = Debug|Win32
		{5EFA2A09-8CE0-4649-9B99-3373B620DE6D}.Release|Win32.ActiveCfg = Release|Win32
		{5EFA2A09-8CE0-4649-9B99-3373B620DE6D}.Release|Win32.Build.0 = Release|Win32
		{F7078332-A386-479F-B95A-331B32BBC14C}.Debug|Win32.ActiveCfg = Debug|Win32
		{F7078332-A386-479F-B95A-331B32BBC14C}.Debug|Win32.Build.0 = Debug|Win32
		{F7078332-A386-479F-B95A-331B32BBC14C}.Release|Win32.ActiveCfg = Release|Win32
		{F7078332-A386-479F-B95A-331B32BBC14C}.Release|Win32.Build.0 = Release|Win32
		{417FFDCB-12EE-46F6-A112-C15E152B63C8}.Debug|Win32.ActiveCfg = Debug|Win32
		{417FFDCB-12EE-46F6-A112-C15E152B63C8}.Debug|Win32.Build.0 = Debug|Win32
		{417FFDCB-12EE-46F6-A112-C15E152B63C8}.Release|Win32.ActiveCfg = Release|Win32
		{417FFDCB-12EE-46F6-A112-C15E152B63C8}.Release|Win32.Build.0 = Release|Win32
		{8A82A184-5BEB-4F59-9272-AF964FF7938C}.Debug|Win32.ActiveCfg = Debug|Win32
		{8A82A184-5BEB-4F59-9272-AF964FF7938C}.Debug|Win32.Build.0 = Debug|Win32
		{8A82A184-5BEB-4F59-9272-AF964FF7938C}.Release|Win32.ActiveCfg = Release|Win32
		{8A82A184-5BEB-4F59-9272-AF964FF7938C}.Release|Win32.Build.0 = Release|Win32
		{27FB7E8A-2337-4A30-AA09-3D5A74D059B1}.Debug|Win32.ActiveCfg = Debug|Win32
		{27FB7E8A-2337-4A30-AA09-3D5A74D059B1}.Debug|Win32.Build.0 = Debug|Win32
		{27FB7E8A-2337-4A30-AA09-3D5A74D059B1}.Release|Win32.ActiveCfg = Release|Win32
		{27FB7E8A-2337-4A30-AA09-3D5A74D059B1}.Release|Win32.Build.0 = Release|Win32
		{FBA91AC7-8419-4318-8BD7-ADFB8D4400FF}.Debug|Win32.ActiveCfg = Debug|Win32
		{FBA91AC7-8419-4318-8BD7-ADFB8D4400FF}.Debug|Win32.Build.0 = Debug|Win32
		{FBA91AC7-8419-4318-8BD7-ADFB8D4400FF}.Release|Win32.ActiveCfg = Release|Win32
		{FBA91AC7-8419-4318-8BD7-ADFB8D4400FF}.Release|Win32.Build.0 = Release|Win32
		{5D64FA09-A869-4FEC-B3ED-1C91C6B3EA04}.Debug|Win32.ActiveCfg = Debug|Win32
		{5D64FA09-A869-4FEC-B3ED-1C91C6B3EA04}.Debug|Win32.Build.0 = Debug|Win32
		{5D64FA09-A869-4FEC-B3ED-1C91C6B3EA04}.Release|Win32.ActiveCfg = Release|Win32
		{5D64FA09-A869-4FEC-B3ED-1C91C6B3EA04}.Release|Win32.Build.0 = Release|Win32
	EndGlobalSection
	GlobalSection(SolutionProperties) = preSolution
		HideSolutionNode = FALSE
	EndGlobalSection
	GlobalSection(NestedProjects) = preSolution
		{EA444247-4476-444F-9D10-EB7E1169A90B} = {8E0B8DFD-41AF-4200-AC4A-83FA5B9C1897}
		{FD90108E-0E17-47CB-A922-0EABB4C155D8} = {8E0B8DFD-41AF-4200-AC4A-83FA5B9C1897}
		{C485241A-652B-41A3-BEFD-973390A493BA} = {8E0B8DFD-41AF-4200-AC4A-83FA5B9C1897}
		{57715BC1-47DA-433D-83EF-7750DD2DCC44} = {8E0B8DFD-41AF-4200-AC4A-83FA5B9C1897}
		{EEF682B0-F995-422D-8ADC-50A2803F74D9} = {8E0B8DFD-41AF-4200-AC4A-83FA5B9C1897}
		{0EE9CAE9-5914-48DB-A3A4-FF798EE53079} = {8E0B8DFD-41AF-4200-AC4A-83FA5B9C1897}
		{D853FC62-AC4E-462B-BB37-1A6D308CC8E6} = {8E0B8DFD-41AF-4200-AC4A-83FA5B9C1897}
		{A99401D5-54D9-4C7D-8280-EAA554D68E08} = {8E0B8DFD-41AF-4200-AC4A-83FA5B9C1897}
		{66C0E7B1-A3B1-40AA-B5B2-671DEDF88C2E} = {8E0B8DFD-41AF-4200-AC4A-83FA5B9C1897}
		{F3B4DAB8-E559-4E2A-874C-DB197675655C} = {8E0B8DFD-41AF-4200-AC4A-83FA5B9C1897}
		{39CA72AF-0B0B-42DF-81D2-D71DA3C647F1} = {8E0B8DFD-41AF-4200-AC4A-83FA5B9C1897}
		{F7078332-A386-479F-B95A-331B32BBC14C} = {8E0B8DFD-41AF-4200-AC4A-83FA5B9C1897}
		{8A82A184-5BEB-4F59-9272-AF964FF7938C} = {8E0B8DFD-41AF-4200-AC4A-83FA5B9C1897}
		{633B67F7-B154-4A80-A651-1111D5EDF583} = {9D9563E7-6D8C-4B82-8CE3-009EB344A8A6}
		{91007D75-2F2B-4B26-A1BB-260181E8DAF3} = {9D9563E7-6D8C-4B82-8CE3-009EB344A8A6}
		{1A53841B-96CF-4735-B45F-C63E3BA2D2BC} = {9D9563E7-6D8C-4B82-8CE3-009EB344A8A6}
		{77034321-C750-4A66-825E-6D62A77A5F16} = {9D9563E7-6D8C-4B82-8CE3-009EB344A8A6}
		{BB07D393-32C4-40FC-A1F8-B7ED0E2662B3} = {9D9563E7-6D8C-4B82-8CE3-009EB344A8A6}
		{19BF49D4-532F-4B58-A9B5-F215495527EC} = {9D9563E7-6D8C-4B82-8CE3-009EB344A8A6}
		{775F1C1F-C0B6-413D-BA1E-023614EBE409} = {9D9563E7-6D8C-4B82-8CE3-009EB344A8A6}
		{FFA16C6D-C2BF-40C6-BC0E-E44E22E73663} = {9D9563E7-6D8C-4B82-8CE3-009EB344A8A6}
		{720BB09B-0988-4D31-B8DE-C3C27C277F4B} = {9D9563E7-6D8C-4B82-8CE3-009EB344A8A6}
		{621B67F7-B779-3A80-B651-1111D5EDF583} = {9D9563E7-6D8C-4B82-8CE3-009EB344A8A6}
		{618CA7D2-C8A2-4331-8D87-F2ABB2E1BAC2} = {9D9563E7-6D8C-4B82-8CE3-009EB344A8A6}
		{8F703AE4-CAA4-47AF-AEEE-77CE84E26177} = {9D9563E7-6D8C-4B82-8CE3-009EB344A8A6}
		{5EC7340B-67FC-41BF-88B2-55694D5494D8} = {9D9563E7-6D8C-4B82-8CE3-009EB344A8A6}
		{5EFA2A09-8CE0-4649-9B99-3373B620DE6D} = {9D9563E7-6D8C-4B82-8CE3-009EB344A8A6}
		{417FFDCB-12EE-46F6-A112-C15E152B63C8} = {9D9563E7-6D8C-4B82-8CE3-009EB344A8A6}
		{27FB7E8A-2337-4A30-AA09-3D5A74D059B1} = {9D9563E7-6D8C-4B82-8CE3-009EB344A8A6}
		{FBA91AC7-8419-4318-8BD7-ADFB8D4400FF} = {9D9563E7-6D8C-4B82-8CE3-009EB344A8A6}
		{5D64FA09-A869-4FEC-B3ED-1C91C6B3EA04} = {9D9563E7-6D8C-4B82-8CE3-009EB344A8A6}
		{6161AE88-6ED6-4843-A5AB-4B6288511D5E} = {5F07D327-3A37-4AF0-9421-C959033C93F9}
		{A3BB8D04-552D-4FD4-B799-18187FB17C2C} = {12C9A202-6B0B-4334-A043-B5CEB1D5A3BF}
		{3F9592CC-7F0C-454B-AD1B-25165AD40022} = {12C9A202-6B0B-4334-A043-B5CEB1D5A3BF}
	EndGlobalSection
	GlobalSection(Qt) = preSolution
		Integration = True
	EndGlobalSection
	GlobalSection(Qt) = preSolution
		Integration = True
	EndGlobalSection
	GlobalSection(Qt) = preSolution
		Integration = True
	EndGlobalSection
	GlobalSection(Qt) = preSolution
		Integration = True
	EndGlobalSection
	GlobalSection(Qt) = preSolution
		Integration = True
	EndGlobalSection
	GlobalSection(Qt) = preSolution
		Integration = True
	EndGlobalSection
	GlobalSection(Qt) = preSolution
		Integration = True
	EndGlobalSection
	GlobalSection(Qt) = preSolution
		Integration = True
	EndGlobalSection
	GlobalSection(Qt) = preSolution
		Integration = True
	EndGlobalSection
	GlobalSection(Qt) = preSolution
		Integration = True
	EndGlobalSection
	GlobalSection(Qt) = preSolution
		Integration = True
	EndGlobalSection
	GlobalSection(Qt) = preSolution
		Integration = True
	EndGlobalSection
	GlobalSection(Qt) = preSolution
		Integration = True
	EndGlobalSection
	GlobalSection(Qt) = preSolution
		Integration = True
	EndGlobalSection
	GlobalSection(Qt) = preSolution
		Integration = True
	EndGlobalSection
	GlobalSection(Qt) = preSolution
		Integration = True
	EndGlobalSection
	GlobalSection(Qt) = preSolution
		Integration = True
	EndGlobalSection
	GlobalSection(Qt) = preSolution
		Integration = True
	EndGlobalSection
	GlobalSection(Qt) = preSolution
		Integration = True
	EndGlobalSection
	GlobalSection(Qt) = preSolution
		Integration = True
	EndGlobalSection
	GlobalSection(Qt) = preSolution
		Integration = True
	EndGlobalSection
	GlobalSection(Qt) = preSolution
		Integration = True
	EndGlobalSection
	GlobalSection(Qt) = preSolution
		Integration = True
	EndGlobalSection
	GlobalSection(Qt) = preSolution
		Integration = True
	EndGlobalSection
	GlobalSection(Qt) = preSolution
		Integration = True
	EndGlobalSection
	GlobalSection(Qt) = preSolution
		Integration = True
	EndGlobalSection
	GlobalSection(Qt) = preSolution
		Integration = True
	EndGlobalSection
	GlobalSection(Qt) = preSolution
		Integration = True
	EndGlobalSection
	GlobalSection(Qt) = preSolution
		Integration = True
	EndGlobalSection
	GlobalSection(Qt) = preSolution
		Integration = True
	EndGlobalSection
	GlobalSection(Qt) = preSolution
		Integration = True
	EndGlobalSection
EndGlobal
