
Microsoft Visual Studio Solution File, Format Version 10.00
# Visual Studio 2008
Project("{8BC9CEB8-8B4A-11D0-8D11-00A0C91BC942}") = "PropertyExample", "PropertyExample.vcproj", "{3A021AAE-61ED-41DE-8E6A-681EDFE3D73F}"
EndProject
Global
	GlobalSection(SolutionConfigurationPlatforms) = preSolution
		Debug|Win32 = Debug|Win32
		Release|Win32 = Release|Win32
	EndGlobalSection
	GlobalSection(ProjectConfigurationPlatforms) = postSolution
		{3A021AAE-61ED-41DE-8E6A-681EDFE3D73F}.Debug|Win32.ActiveCfg = Debug|Win32
		{3A021AAE-61ED-41DE-8E6A-681EDFE3D73F}.Debug|Win32.Build.0 = Debug|Win32
		{3A021AAE-61ED-41DE-8E6A-681EDFE3D73F}.Release|Win32.ActiveCfg = Release|Win32
		{3A021AAE-61ED-41DE-8E6A-681EDFE3D73F}.Release|Win32.Build.0 = Release|Win32
	EndGlobalSection
	GlobalSection(SolutionProperties) = preSolution
		HideSolutionNode = FALSE
	EndGlobalSection
EndGlobal
