// !$*UTF8*$!
{
	archiveVersion = 1;
	classes = {
	};
	objectVersion = 44;
	objects = {

/* Begin PBXBuildFile section */
		223456790ED2E572006EC826 /* ZlibPck.cpp in Sources */ = {isa = PBXBuildFile; fileRef = 123456790ED2E572006EC826 /* ZlibPck.cpp */; };
		223456800ED2E572006EC826 /* ZlibPck.h in Headers */ = {isa = PBXBuildFile; fileRef = 123456800ED2E572006EC826 /* ZlibPck.h */; };
		EAD605AC0F1BB37300883059 /* libacfstd.a in Frameworks */ = {isa = PBXBuildFile; fileRef = EAD605AB0F1BB35900883059 /* libacfstd.a */; };
		EAD605B60F1BB3E500883059 /* libz.a in Frameworks */ = {isa = PBXBuildFile; fileRef = EAD605B50F1BB3E500883059 /* libz.a */; };
		EAD605F90F1BB48C00883059 /* libizlib.a in Frameworks */ = {isa = PBXBuildFile; fileRef = EAD605F70F1BB47B00883059 /* libizlib.a */; };
/* End PBXBuildFile section */

/* Begin PBXContainerItemProxy section */
		EAD605AA0F1BB35900883059 /* PBXContainerItemProxy */ = {
			isa = PBXContainerItemProxy;
			containerPortal = EAD6056F0F1BB35900883059 /* AcfStd.xcodeproj */;
			proxyType = 2;
			remoteGlobalIDString = D2AAC046055464E500DB518D;
			remoteInfo = acfstd;
		};
		EAD605F60F1BB47B00883059 /* PBXContainerItemProxy */ = {
			isa = PBXContainerItemProxy;
			containerPortal = EAD605EF0F1BB47B00883059 /* izlib.xcodeproj */;
			proxyType = 2;
			remoteGlobalIDString = D2AAC046055464E500DB518D;
			remoteInfo = izlib;
		};
		EAD605FA0F1BB49900883059 /* PBXContainerItemProxy */ = {
			isa = PBXContainerItemProxy;
			containerPortal = EAD6056F0F1BB35900883059 /* AcfStd.xcodeproj */;
			proxyType = 1;
			remoteGlobalIDString = D2AAC045055464E500DB518D;
			remoteInfo = acfstd;
		};
		EAD605FC0F1BB49900883059 /* PBXContainerItemProxy */ = {
			isa = PBXContainerItemProxy;
			containerPortal = EAD605EF0F1BB47B00883059 /* izlib.xcodeproj */;
			proxyType = 1;
			remoteGlobalIDString = D2AAC045055464E500DB518D;
			remoteInfo = izlib;
		};
/* End PBXContainerItemProxy section */

/* Begin PBXFileReference section */
		123456790ED2E572006EC826 /* ZlibPck.cpp */ = {isa = PBXFileReference; fileEncoding = 4; lastKnownFileType = sourcecode.cpp.cpp; name = ZlibPck.cpp; path = ../ZlibPck.cpp; sourceTree = SOURCE_ROOT; };
		123456800ED2E572006EC826 /* ZlibPck.h */ = {isa = PBXFileReference; fileEncoding = 4; lastKnownFileType = sourcecode.cpp.cpp; name = ZlibPck.h; path = ../ZlibPck.h; sourceTree = SOURCE_ROOT; };
		D2AAC046055464E500DB518D /* ZlibPck.arp */ = {isa = PBXFileReference; explicitFileType = "compiled.mach-o.dylib"; includeInIndex = 0; path = ZlibPck.arp; sourceTree = BUILT_PRODUCTS_DIR; };
		EAD6056F0F1BB35900883059 /* AcfStd.xcodeproj */ = {isa = PBXFileReference; lastKnownFileType = "wrapper.pb-project"; name = AcfStd.xcodeproj; path = ../../AcfStd/Xcd/AcfStd.xcodeproj; sourceTree = SOURCE_ROOT; };
		EAD605B50F1BB3E500883059 /* libz.a */ = {isa = PBXFileReference; lastKnownFileType = archive.ar; name = libz.a; path = lib/libz.a; sourceTree = ZLIBDIR; };
		EAD605EF0F1BB47B00883059 /* izlib.xcodeproj */ = {isa = PBXFileReference; lastKnownFileType = "wrapper.pb-project"; name = izlib.xcodeproj; path = ../../../Include/izlib/Xcd/izlib.xcodeproj; sourceTree = SOURCE_ROOT; };
/* End PBXFileReference section */

/* Begin PBXFrameworksBuildPhase section */
		D289987405E68DCB004EDB86 /* Frameworks */ = {
			isa = PBXFrameworksBuildPhase;
			buildActionMask = 2147483647;
			files = (
				EAD605AC0F1BB37300883059 /* libacfstd.a in Frameworks */,
				EAD605B60F1BB3E500883059 /* libz.a in Frameworks */,
				EAD605F90F1BB48C00883059 /* libizlib.a in Frameworks */,
			);
			runOnlyForDeploymentPostprocessing = 0;
		};
/* End PBXFrameworksBuildPhase section */

/* Begin PBXGroup section */
		08FB7794FE84155DC02AAC07 /* ZlibPck */ = {
			isa = PBXGroup;
			children = (
				EAD6056F0F1BB35900883059 /* AcfStd.xcodeproj */,
				EAD605EF0F1BB47B00883059 /* izlib.xcodeproj */,
				EAD605B50F1BB3E500883059 /* libz.a */,
				EAB5AC950ED2E587006EC826 /* Header */,
				08FB7795FE84155DC02AAC07 /* Source */,
				C6A0FF2B0290797F04C91782 /* Forms */,
				EA9856AA0EEABE3D00C738EF /* Resources */,
				EA9856A50EEABE3D00C738EF /* Generated */,
				EA9856A60EEABE5300C738EF /* Garbages */,
				1AB674ADFE9D54B511CA2CBB /* Products */,
			);
			name = ZlibPck;
			sourceTree = "<group>";
		};
		08FB7795FE84155DC02AAC07 /* Source */ = {
			isa = PBXGroup;
			children = (
				123456790ED2E572006EC826 /* ZlibPck.cpp */,
			);
			name = Source;
			sourceTree = "<group>";
		};
		1AB674ADFE9D54B511CA2CBB /* Products */ = {
			isa = PBXGroup;
			children = (
				D2AAC046055464E500DB518D /* ZlibPck.arp */,
			);
			name = Products;
			sourceTree = "<group>";
		};
		C6A0FF2B0290797F04C91782 /* Forms */ = {
			isa = PBXGroup;
			children = (
			);
			name = Forms;
			sourceTree = "<group>";
		};
		EA9856A50EEABE3D00C738EF /* Generated */ = {
			isa = PBXGroup;
			children = (
			);
			name = Generated;
			sourceTree = "<group>";
		};
		EA9856A60EEABE5300C738EF /* Garbages */ = {
			isa = PBXGroup;
			children = (
			);
			name = Garbages;
			sourceTree = "<group>";
		};
		EA9856AA0EEABE3D00C738EF /* Resources */ = {
			isa = PBXGroup;
			children = (
			);
			name = Resources;
			sourceTree = "<group>";
		};
		EAB5AC950ED2E587006EC826 /* Header */ = {
			isa = PBXGroup;
			children = (
				123456800ED2E572006EC826 /* ZlibPck.h */,
			);
			name = Header;
			sourceTree = "<group>";
		};
		EAD605700F1BB35900883059 /* Products */ = {
			isa = PBXGroup;
			children = (
				EAD605AB0F1BB35900883059 /* libacfstd.a */,
			);
			name = Products;
			sourceTree = "<group>";
		};
		EAD605F00F1BB47B00883059 /* Products */ = {
			isa = PBXGroup;
			children = (
				EAD605F70F1BB47B00883059 /* libizlib.a */,
			);
			name = Products;
			sourceTree = "<group>";
		};
/* End PBXGroup section */

/* Begin PBXHeadersBuildPhase section */
		D2AAC043055464E500DB518D /* Headers */ = {
			isa = PBXHeadersBuildPhase;
			buildActionMask = 2147483647;
			files = (
				223456800ED2E572006EC826 /* ZlibPck.h in Headers */,
			);
			runOnlyForDeploymentPostprocessing = 0;
		};
/* End PBXHeadersBuildPhase section */

/* Begin PBXNativeTarget section */
		D2AAC045055464E500DB518D /* ZlibPck */ = {
			isa = PBXNativeTarget;
			buildConfigurationList = 1DEB91EB08733DB70010E9CD /* Build configuration list for PBXNativeTarget "ZlibPck" */;
			buildPhases = (
				EA6981130EEBF38E00FE4110 /* ShellScript */,
				D2AAC043055464E500DB518D /* Headers */,
				D2AAC044055464E500DB518D /* Sources */,
				D289987405E68DCB004EDB86 /* Frameworks */,
			);
			buildRules = (
			);
			dependencies = (
				EAD605FB0F1BB49900883059 /* PBXTargetDependency */,
				EAD605FD0F1BB49900883059 /* PBXTargetDependency */,
			);
			name = ZlibPck;
			productName = ZlibPck;
			productReference = D2AAC046055464E500DB518D /* ZlibPck.arp */;
			productType = "com.apple.product-type.library.dynamic";
		};
/* End PBXNativeTarget section */

/* Begin PBXProject section */
		08FB7793FE84155DC02AAC07 /* Project object */ = {
			isa = PBXProject;
			buildConfigurationList = 1DEB91EF08733DB70010E9CD /* Build configuration list for PBXProject "ZlibPck" */;
			compatibilityVersion = "Xcode 3.0";
			hasScannedForEncodings = 1;
			mainGroup = 08FB7794FE84155DC02AAC07 /* ZlibPck */;
			projectDirPath = "";
			projectReferences = (
				{
					ProductGroup = EAD605700F1BB35900883059 /* Products */;
					ProjectRef = EAD6056F0F1BB35900883059 /* AcfStd.xcodeproj */;
				},
				{
					ProductGroup = EAD605F00F1BB47B00883059 /* Products */;
					ProjectRef = EAD605EF0F1BB47B00883059 /* izlib.xcodeproj */;
				},
			);
			projectRoot = "";
			targets = (
				D2AAC045055464E500DB518D /* ZlibPck */,
			);
		};
/* End PBXProject section */

/* Begin PBXReferenceProxy section */
		EAD605AB0F1BB35900883059 /* libacfstd.a */ = {
			isa = PBXReferenceProxy;
			fileType = archive.ar;
			path = libacfstd.a;
			remoteRef = EAD605AA0F1BB35900883059 /* PBXContainerItemProxy */;
			sourceTree = BUILT_PRODUCTS_DIR;
		};
		EAD605F70F1BB47B00883059 /* libizlib.a */ = {
			isa = PBXReferenceProxy;
			fileType = archive.ar;
			path = libizlib.a;
			remoteRef = EAD605F60F1BB47B00883059 /* PBXContainerItemProxy */;
			sourceTree = BUILT_PRODUCTS_DIR;
		};
/* End PBXReferenceProxy section */

/* Begin PBXShellScriptBuildPhase section */
		EA6981130EEBF38E00FE4110 /* ShellScript */ = {
			isa = PBXShellScriptBuildPhase;
			buildActionMask = 2147483647;
			comments = "UIC'ing...";
			files = (
			);
			inputPaths = (
			);
			outputPaths = (
			);
			runOnlyForDeploymentPostprocessing = 0;
			shellPath = /bin/sh;
			shellScript = "";
		};
/* End PBXShellScriptBuildPhase section */

/* Begin PBXSourcesBuildPhase section */
		D2AAC044055464E500DB518D /* Sources */ = {
			isa = PBXSourcesBuildPhase;
			buildActionMask = 2147483647;
			files = (
				223456790ED2E572006EC826 /* ZlibPck.cpp in Sources */,
			);
			runOnlyForDeploymentPostprocessing = 0;
		};
/* End PBXSourcesBuildPhase section */

/* Begin PBXTargetDependency section */
		EAD605FB0F1BB49900883059 /* PBXTargetDependency */ = {
			isa = PBXTargetDependency;
			name = acfstd;
			targetProxy = EAD605FA0F1BB49900883059 /* PBXContainerItemProxy */;
		};
		EAD605FD0F1BB49900883059 /* PBXTargetDependency */ = {
			isa = PBXTargetDependency;
			name = izlib;
			targetProxy = EAD605FC0F1BB49900883059 /* PBXContainerItemProxy */;
		};
/* End PBXTargetDependency section */

/* Begin XCBuildConfiguration section */
		1DEB91EC08733DB70010E9CD /* Debug */ = {
			isa = XCBuildConfiguration;
			buildSettings = {
				CONFIGURATION_BUILD_DIR = "../../../Bin/$(CONFIGURATION)Xcd";
				COPY_PHASE_STRIP = NO;
				EXECUTABLE_EXTENSION = arp;
				EXECUTABLE_PREFIX = "";
				GCC_DYNAMIC_NO_PIC = NO;
				GCC_ENABLE_FIX_AND_CONTINUE = YES;
				GCC_INLINES_ARE_PRIVATE_EXTERN = YES;
				GCC_MODEL_TUNING = G5;
				GCC_OPTIMIZATION_LEVEL = 0;
				GCC_PREPROCESSOR_DEFINITIONS = "_DEBUG=1";
				GCC_SYMBOLS_PRIVATE_EXTERN = YES;
				INSTALL_PATH = /usr/local/lib;
				LIBRARY_SEARCH_PATHS = (
					"$(inherited)",
					"\"$(SRCROOT)/../../../../../ExtLib/zlib/lib\"",
				);
				PRODUCT_NAME = ZlibPck;
				ZERO_LINK = YES;
			};
			name = Debug;
		};
		1DEB91ED08733DB70010E9CD /* Release */ = {
			isa = XCBuildConfiguration;
			buildSettings = {
				ARCHS = "$(NATIVE_ARCH)";
				CONFIGURATION_BUILD_DIR = "../../../Bin/$(CONFIGURATION)Xcd";
				DEBUG_INFORMATION_FORMAT = "dwarf-with-dsym";
				EXECUTABLE_EXTENSION = arp;
				EXECUTABLE_PREFIX = "";
				GCC_INLINES_ARE_PRIVATE_EXTERN = YES;
				GCC_MODEL_TUNING = G5;
				GCC_SYMBOLS_PRIVATE_EXTERN = YES;
				INSTALL_PATH = /usr/local/lib;
				LIBRARY_SEARCH_PATHS = (
					"$(inherited)",
					"\"$(SRCROOT)/../../../../../ExtLib/zlib/lib\"",
				);
				PRODUCT_NAME = ZlibPck;
			};
			name = Release;
		};
		1DEB91F008733DB70010E9CD /* Debug */ = {
			isa = XCBuildConfiguration;
			buildSettings = {
				GCC_INLINES_ARE_PRIVATE_EXTERN = YES;
				GCC_PREPROCESSOR_DEFINITIONS = "_DEBUG=1";
				GCC_SYMBOLS_PRIVATE_EXTERN = YES;
				GCC_WARN_ABOUT_RETURN_TYPE = YES;
				GCC_WARN_UNUSED_VARIABLE = YES;
				HEADER_SEARCH_PATHS = (
					../../../Include,
					../..,
					"${ZLIBDIR}/include",
				);
				PREBINDING = NO;
				SDKROOT = "$(DEVELOPER_SDK_DIR)/MacOSX10.5.sdk";
			};
			name = Debug;
		};
		1DEB91F108733DB70010E9CD /* Release */ = {
			isa = XCBuildConfiguration;
			buildSettings = {
				ARCHS = (
					ppc,
					i386,
				);
				GCC_INLINES_ARE_PRIVATE_EXTERN = YES;
				GCC_SYMBOLS_PRIVATE_EXTERN = YES;
				GCC_WARN_ABOUT_RETURN_TYPE = YES;
				GCC_WARN_UNUSED_VARIABLE = YES;
				HEADER_SEARCH_PATHS = (
					../../../Include,
					../..,
					"${ZLIBDIR}/include",
				);
				PREBINDING = NO;
				SDKROOT = "$(DEVELOPER_SDK_DIR)/MacOSX10.5.sdk";
			};
			name = Release;
		};
/* End XCBuildConfiguration section */

/* Begin XCConfigurationList section */
		1DEB91EB08733DB70010E9CD /* Build configuration list for PBXNativeTarget "ZlibPck" */ = {
			isa = XCConfigurationList;
			buildConfigurations = (
				1DEB91EC08733DB70010E9CD /* Debug */,
				1DEB91ED08733DB70010E9CD /* Release */,
			);
			defaultConfigurationIsVisible = 0;
			defaultConfigurationName = Release;
		};
		1DEB91EF08733DB70010E9CD /* Build configuration list for PBXProject "ZlibPck" */ = {
			isa = XCConfigurationList;
			buildConfigurations = (
				1DEB91F008733DB70010E9CD /* Debug */,
				1DEB91F108733DB70010E9CD /* Release */,
			);
			defaultConfigurationIsVisible = 0;
			defaultConfigurationName = Release;
		};
/* End XCConfigurationList section */
	};
	rootObject = 08FB7793FE84155DC02AAC07 /* Project object */;
}
